// !$*UTF8*$!
{
	archiveVersion = 1;
	classes = {
	};
	objectVersion = 56;
	objects = {

/* Begin PBXBuildFile section */
		A00000000000000000000022 /* PoseLockApp.swift in Sources */ = {isa = PBXBuildFile; fileRef = A00000000000000000000021 /* PoseLockApp.swift */; };
		A00000000000000000000024 /* RootView.swift in Sources */ = {isa = PBXBuildFile; fileRef = A00000000000000000000023 /* RootView.swift */; };
		A00000000000000000000026 /* AppSession.swift in Sources */ = {isa = PBXBuildFile; fileRef = A00000000000000000000025 /* AppSession.swift */; };
		E11A00000000000000000002 /* ScreenBank.swift in Sources */ = {isa = PBXBuildFile; fileRef = E11A00000000000000000001 /* ScreenBank.swift */; };
		C9A100000000000000000002 /* PoseLockAnalytics.swift in Sources */ = {isa = PBXBuildFile; fileRef = C9A100000000000000000001 /* PoseLockAnalytics.swift */; };
		A00000000000000000000028 /* Theme.swift in Sources */ = {isa = PBXBuildFile; fileRef = A00000000000000000000027 /* Theme.swift */; };
		B00000000000000000000021 /* ShareMark.swift in Sources */ = {isa = PBXBuildFile; fileRef = B00000000000000000000020 /* ShareMark.swift */; };
		D11A00000000000000000002 /* PoseReferenceImage.swift in Sources */ = {isa = PBXBuildFile; fileRef = D11A00000000000000000001 /* PoseReferenceImage.swift */; };
		E52A00000000000000000002 /* PoseReferenceAssetsTests.swift in Sources */ = {isa = PBXBuildFile; fileRef = E52A00000000000000000001 /* PoseReferenceAssetsTests.swift */; };
		A0000000000000000000002A /* Pack.swift in Sources */ = {isa = PBXBuildFile; fileRef = A00000000000000000000029 /* Pack.swift */; };
		A0000000000000000000002C /* Pose.swift in Sources */ = {isa = PBXBuildFile; fileRef = A0000000000000000000002B /* Pose.swift */; };
		A0000000000000000000002E /* BodyFrame.swift in Sources */ = {isa = PBXBuildFile; fileRef = A0000000000000000000002D /* BodyFrame.swift */; };
		A00000000000000000000030 /* PoseTemplate.swift in Sources */ = {isa = PBXBuildFile; fileRef = A0000000000000000000002F /* PoseTemplate.swift */; };
		A00000000000000000000032 /* ScoringEngine.swift in Sources */ = {isa = PBXBuildFile; fileRef = A00000000000000000000031 /* ScoringEngine.swift */; };
		A00000000000000000000034 /* DailyPoseSelector.swift in Sources */ = {isa = PBXBuildFile; fileRef = A00000000000000000000033 /* DailyPoseSelector.swift */; };
		A00000000000000000000036 /* Models.swift in Sources */ = {isa = PBXBuildFile; fileRef = A00000000000000000000035 /* Models.swift */; };
		A00000000000000000000038 /* PhotoStore.swift in Sources */ = {isa = PBXBuildFile; fileRef = A00000000000000000000037 /* PhotoStore.swift */; };
		A0000000000000000000003A /* CaptureSessionController.swift in Sources */ = {isa = PBXBuildFile; fileRef = A00000000000000000000039 /* CaptureSessionController.swift */; };
		A0000000000000000000003C /* PoseDetector.swift in Sources */ = {isa = PBXBuildFile; fileRef = A0000000000000000000003B /* PoseDetector.swift */; };
		A0000000000000000000003E /* CameraViewModel.swift in Sources */ = {isa = PBXBuildFile; fileRef = A0000000000000000000003D /* CameraViewModel.swift */; };
		A00000000000000000000040 /* CameraHUD.swift in Sources */ = {isa = PBXBuildFile; fileRef = A0000000000000000000003F /* CameraHUD.swift */; };
		A00000000000000000000042 /* CameraSessionView.swift in Sources */ = {isa = PBXBuildFile; fileRef = A00000000000000000000041 /* CameraSessionView.swift */; };
		A00000000000000000000044 /* OnboardingFlow.swift in Sources */ = {isa = PBXBuildFile; fileRef = A00000000000000000000043 /* OnboardingFlow.swift */; };
		A00000000000000000000046 /* HomeView.swift in Sources */ = {isa = PBXBuildFile; fileRef = A00000000000000000000045 /* HomeView.swift */; };
		A00000000000000000000048 /* JournalView.swift in Sources */ = {isa = PBXBuildFile; fileRef = A00000000000000000000047 /* JournalView.swift */; };
		A0000000000000000000004A /* SettingsView.swift in Sources */ = {isa = PBXBuildFile; fileRef = A00000000000000000000049 /* SettingsView.swift */; };
		A0000000000000000000004C /* StoreManager.swift in Sources */ = {isa = PBXBuildFile; fileRef = A0000000000000000000004B /* StoreManager.swift */; };
		A0000000000000000000004E /* ScoringEngineTests.swift in Sources */ = {isa = PBXBuildFile; fileRef = A0000000000000000000004D /* ScoringEngineTests.swift */; };
		A00000000000000000000050 /* Assets.xcassets in Resources */ = {isa = PBXBuildFile; fileRef = A0000000000000000000004F /* Assets.xcassets */; };
		A00000000000000000000052 /* PrivacyInfo.xcprivacy in Resources */ = {isa = PBXBuildFile; fileRef = A00000000000000000000051 /* PrivacyInfo.xcprivacy */; };
		A00000000000000000000054 /* Products.storekit in Resources */ = {isa = PBXBuildFile; fileRef = A00000000000000000000053 /* Products.storekit */; };
		A00000000000000000000058 /* PoseCoachView.swift in Sources */ = {isa = PBXBuildFile; fileRef = A00000000000000000000057 /* PoseCoachView.swift */; };
		A0000000000000000000005A /* PoseComparisonSkeleton.swift in Sources */ = {isa = PBXBuildFile; fileRef = A00000000000000000000059 /* PoseComparisonSkeleton.swift */; };
		A0000000000000000000005C /* PoseRecapView.swift in Sources */ = {isa = PBXBuildFile; fileRef = A0000000000000000000005B /* PoseRecapView.swift */; };
		A0000000000000000000005E /* PaywallSheet.swift in Sources */ = {isa = PBXBuildFile; fileRef = A0000000000000000000005D /* PaywallSheet.swift */; };
		A00000000000000000000060 /* OnboardingPaywallView.swift in Sources */ = {isa = PBXBuildFile; fileRef = A0000000000000000000005F /* OnboardingPaywallView.swift */; };
		A00000000000000000000062 /* OnboardingSplashView.swift in Sources */ = {isa = PBXBuildFile; fileRef = A00000000000000000000061 /* OnboardingSplashView.swift */; };
		A00000000000000000000064 /* OnboardingPersonalizationView.swift in Sources */ = {isa = PBXBuildFile; fileRef = A00000000000000000000063 /* OnboardingPersonalizationView.swift */; };
		A00000000000000000000066 /* OnboardingAccountView.swift in Sources */ = {isa = PBXBuildFile; fileRef = A00000000000000000000065 /* OnboardingAccountView.swift */; };
		A00000000000000000000068 /* TrialReminder.swift in Sources */ = {isa = PBXBuildFile; fileRef = A00000000000000000000067 /* TrialReminder.swift */; };
		A0000000000000000000006A /* StoreConfigurationTests.swift in Sources */ = {isa = PBXBuildFile; fileRef = A00000000000000000000069 /* StoreConfigurationTests.swift */; };
		B00000000000000000000011 /* RevenueCatConfig.swift in Sources */ = {isa = PBXBuildFile; fileRef = B00000000000000000000010 /* RevenueCatConfig.swift */; };
		B00000000000000000000013 /* PaywallComponents.swift in Sources */ = {isa = PBXBuildFile; fileRef = B00000000000000000000012 /* PaywallComponents.swift */; };
		C00000000000000000000002 /* ScoreTrendView.swift in Sources */ = {isa = PBXBuildFile; fileRef = C00000000000000000000001 /* ScoreTrendView.swift */; };
		C00000000000000000000004 /* CompetitionDeadline.swift in Sources */ = {isa = PBXBuildFile; fileRef = C00000000000000000000003 /* CompetitionDeadline.swift */; };
		C00000000000000000000006 /* CompetitionReminder.swift in Sources */ = {isa = PBXBuildFile; fileRef = C00000000000000000000005 /* CompetitionReminder.swift */; };
		F00000000000000000000002 /* FeedbackSheet.swift in Sources */ = {isa = PBXBuildFile; fileRef = F00000000000000000000001 /* FeedbackSheet.swift */; };
		F00000000000000000000004 /* FeedbackMail.swift in Sources */ = {isa = PBXBuildFile; fileRef = F00000000000000000000003 /* FeedbackMail.swift */; };
		F00000000000000000000006 /* ShakeDetector.swift in Sources */ = {isa = PBXBuildFile; fileRef = F00000000000000000000005 /* ShakeDetector.swift */; };
		F00000000000000000000008 /* SocialShare.swift in Sources */ = {isa = PBXBuildFile; fileRef = F00000000000000000000007 /* SocialShare.swift */; };
		B00000000000000000000004 /* RevenueCat in Frameworks */ = {isa = PBXBuildFile; productRef = B00000000000000000000002 /* RevenueCat */; };
/* End PBXBuildFile section */

/* Begin PBXContainerItemProxy section */
		D00000000000000000000001 /* PBXContainerItemProxy */ = {
			isa = PBXContainerItemProxy;
			containerPortal = A00000000000000000000001 /* Project object */;
			proxyType = 1;
			remoteGlobalIDString = A00000000000000000000002;
			remoteInfo = PoseLock;
		};
/* End PBXContainerItemProxy section */

/* Begin PBXFileReference section */
		A00000000000000000000004 /* PoseLock.app */ = {isa = PBXFileReference; explicitFileType = wrapper.application; includeInIndex = 0; path = PoseLock.app; sourceTree = BUILT_PRODUCTS_DIR; };
		A00000000000000000000005 /* PoseLockTests.xctest */ = {isa = PBXFileReference; explicitFileType = wrapper.cfbundle; includeInIndex = 0; path = PoseLockTests.xctest; sourceTree = BUILT_PRODUCTS_DIR; };
		A00000000000000000000021 /* PoseLockApp.swift */ = {isa = PBXFileReference; lastKnownFileType = sourcecode.swift; path = PoseLockApp.swift; sourceTree = "<group>"; };
		A00000000000000000000023 /* RootView.swift */ = {isa = PBXFileReference; lastKnownFileType = sourcecode.swift; path = RootView.swift; sourceTree = "<group>"; };
		A00000000000000000000025 /* AppSession.swift */ = {isa = PBXFileReference; lastKnownFileType = sourcecode.swift; path = AppSession.swift; sourceTree = "<group>"; };
		E11A00000000000000000001 /* ScreenBank.swift */ = {isa = PBXFileReference; lastKnownFileType = sourcecode.swift; path = ScreenBank.swift; sourceTree = "<group>"; };
		C9A100000000000000000001 /* PoseLockAnalytics.swift */ = {isa = PBXFileReference; lastKnownFileType = sourcecode.swift; path = PoseLockAnalytics.swift; sourceTree = "<group>"; };
		A00000000000000000000027 /* Theme.swift */ = {isa = PBXFileReference; lastKnownFileType = sourcecode.swift; path = Theme.swift; sourceTree = "<group>"; };
		B00000000000000000000020 /* ShareMark.swift */ = {isa = PBXFileReference; lastKnownFileType = sourcecode.swift; path = ShareMark.swift; sourceTree = "<group>"; };
		D11A00000000000000000001 /* PoseReferenceImage.swift */ = {isa = PBXFileReference; lastKnownFileType = sourcecode.swift; path = PoseReferenceImage.swift; sourceTree = "<group>"; };
		E52A00000000000000000001 /* PoseReferenceAssetsTests.swift */ = {isa = PBXFileReference; lastKnownFileType = sourcecode.swift; path = PoseReferenceAssetsTests.swift; sourceTree = "<group>"; };
		A00000000000000000000029 /* Pack.swift */ = {isa = PBXFileReference; lastKnownFileType = sourcecode.swift; path = Pack.swift; sourceTree = "<group>"; };
		A0000000000000000000002B /* Pose.swift */ = {isa = PBXFileReference; lastKnownFileType = sourcecode.swift; path = Pose.swift; sourceTree = "<group>"; };
		A0000000000000000000002D /* BodyFrame.swift */ = {isa = PBXFileReference; lastKnownFileType = sourcecode.swift; path = BodyFrame.swift; sourceTree = "<group>"; };
		A0000000000000000000002F /* PoseTemplate.swift */ = {isa = PBXFileReference; lastKnownFileType = sourcecode.swift; path = PoseTemplate.swift; sourceTree = "<group>"; };
		A00000000000000000000031 /* ScoringEngine.swift */ = {isa = PBXFileReference; lastKnownFileType = sourcecode.swift; path = ScoringEngine.swift; sourceTree = "<group>"; };
		A00000000000000000000033 /* DailyPoseSelector.swift */ = {isa = PBXFileReference; lastKnownFileType = sourcecode.swift; path = DailyPoseSelector.swift; sourceTree = "<group>"; };
		A00000000000000000000035 /* Models.swift */ = {isa = PBXFileReference; lastKnownFileType = sourcecode.swift; path = Models.swift; sourceTree = "<group>"; };
		A00000000000000000000037 /* PhotoStore.swift */ = {isa = PBXFileReference; lastKnownFileType = sourcecode.swift; path = PhotoStore.swift; sourceTree = "<group>"; };
		A00000000000000000000039 /* CaptureSessionController.swift */ = {isa = PBXFileReference; lastKnownFileType = sourcecode.swift; path = CaptureSessionController.swift; sourceTree = "<group>"; };
		A0000000000000000000003B /* PoseDetector.swift */ = {isa = PBXFileReference; lastKnownFileType = sourcecode.swift; path = PoseDetector.swift; sourceTree = "<group>"; };
		A0000000000000000000003D /* CameraViewModel.swift */ = {isa = PBXFileReference; lastKnownFileType = sourcecode.swift; path = CameraViewModel.swift; sourceTree = "<group>"; };
		A0000000000000000000003F /* CameraHUD.swift */ = {isa = PBXFileReference; lastKnownFileType = sourcecode.swift; path = CameraHUD.swift; sourceTree = "<group>"; };
		A00000000000000000000041 /* CameraSessionView.swift */ = {isa = PBXFileReference; lastKnownFileType = sourcecode.swift; path = CameraSessionView.swift; sourceTree = "<group>"; };
		A00000000000000000000043 /* OnboardingFlow.swift */ = {isa = PBXFileReference; lastKnownFileType = sourcecode.swift; path = OnboardingFlow.swift; sourceTree = "<group>"; };
		A00000000000000000000045 /* HomeView.swift */ = {isa = PBXFileReference; lastKnownFileType = sourcecode.swift; path = HomeView.swift; sourceTree = "<group>"; };
		A00000000000000000000047 /* JournalView.swift */ = {isa = PBXFileReference; lastKnownFileType = sourcecode.swift; path = JournalView.swift; sourceTree = "<group>"; };
		A00000000000000000000049 /* SettingsView.swift */ = {isa = PBXFileReference; lastKnownFileType = sourcecode.swift; path = SettingsView.swift; sourceTree = "<group>"; };
		A0000000000000000000004B /* StoreManager.swift */ = {isa = PBXFileReference; lastKnownFileType = sourcecode.swift; path = StoreManager.swift; sourceTree = "<group>"; };
		A0000000000000000000004D /* ScoringEngineTests.swift */ = {isa = PBXFileReference; lastKnownFileType = sourcecode.swift; path = ScoringEngineTests.swift; sourceTree = "<group>"; };
		A0000000000000000000004F /* Assets.xcassets */ = {isa = PBXFileReference; lastKnownFileType = folder.assetcatalog; path = Assets.xcassets; sourceTree = "<group>"; };
		A00000000000000000000051 /* PrivacyInfo.xcprivacy */ = {isa = PBXFileReference; lastKnownFileType = text.plist.xml; path = PrivacyInfo.xcprivacy; sourceTree = "<group>"; };
		A00000000000000000000053 /* Products.storekit */ = {isa = PBXFileReference; lastKnownFileType = text; path = Products.storekit; sourceTree = "<group>"; };
		A00000000000000000000055 /* PoseLock.entitlements */ = {isa = PBXFileReference; lastKnownFileType = text.plist.entitlements; path = PoseLock.entitlements; sourceTree = "<group>"; };
		A00000000000000000000056 /* Info.plist */ = {isa = PBXFileReference; lastKnownFileType = text.plist.xml; path = Info.plist; sourceTree = "<group>"; };
		A00000000000000000000057 /* PoseCoachView.swift */ = {isa = PBXFileReference; lastKnownFileType = sourcecode.swift; path = PoseCoachView.swift; sourceTree = "<group>"; };
		A00000000000000000000059 /* PoseComparisonSkeleton.swift */ = {isa = PBXFileReference; lastKnownFileType = sourcecode.swift; path = PoseComparisonSkeleton.swift; sourceTree = "<group>"; };
		A0000000000000000000005B /* PoseRecapView.swift */ = {isa = PBXFileReference; lastKnownFileType = sourcecode.swift; path = PoseRecapView.swift; sourceTree = "<group>"; };
		A0000000000000000000005D /* PaywallSheet.swift */ = {isa = PBXFileReference; lastKnownFileType = sourcecode.swift; path = PaywallSheet.swift; sourceTree = "<group>"; };
		A0000000000000000000005F /* OnboardingPaywallView.swift */ = {isa = PBXFileReference; lastKnownFileType = sourcecode.swift; path = OnboardingPaywallView.swift; sourceTree = "<group>"; };
		A00000000000000000000061 /* OnboardingSplashView.swift */ = {isa = PBXFileReference; lastKnownFileType = sourcecode.swift; path = OnboardingSplashView.swift; sourceTree = "<group>"; };
		A00000000000000000000063 /* OnboardingPersonalizationView.swift */ = {isa = PBXFileReference; lastKnownFileType = sourcecode.swift; path = OnboardingPersonalizationView.swift; sourceTree = "<group>"; };
		A00000000000000000000065 /* OnboardingAccountView.swift */ = {isa = PBXFileReference; lastKnownFileType = sourcecode.swift; path = OnboardingAccountView.swift; sourceTree = "<group>"; };
		A00000000000000000000067 /* TrialReminder.swift */ = {isa = PBXFileReference; lastKnownFileType = sourcecode.swift; path = TrialReminder.swift; sourceTree = "<group>"; };
		A00000000000000000000069 /* StoreConfigurationTests.swift */ = {isa = PBXFileReference; lastKnownFileType = sourcecode.swift; path = StoreConfigurationTests.swift; sourceTree = "<group>"; };
		B00000000000000000000010 /* RevenueCatConfig.swift */ = {isa = PBXFileReference; lastKnownFileType = sourcecode.swift; path = RevenueCatConfig.swift; sourceTree = "<group>"; };
		B00000000000000000000012 /* PaywallComponents.swift */ = {isa = PBXFileReference; lastKnownFileType = sourcecode.swift; path = PaywallComponents.swift; sourceTree = "<group>"; };
		C00000000000000000000001 /* ScoreTrendView.swift */ = {isa = PBXFileReference; lastKnownFileType = sourcecode.swift; path = ScoreTrendView.swift; sourceTree = "<group>"; };
		C00000000000000000000003 /* CompetitionDeadline.swift */ = {isa = PBXFileReference; lastKnownFileType = sourcecode.swift; path = CompetitionDeadline.swift; sourceTree = "<group>"; };
		C00000000000000000000005 /* CompetitionReminder.swift */ = {isa = PBXFileReference; lastKnownFileType = sourcecode.swift; path = CompetitionReminder.swift; sourceTree = "<group>"; };
		F00000000000000000000001 /* FeedbackSheet.swift */ = {isa = PBXFileReference; lastKnownFileType = sourcecode.swift; path = FeedbackSheet.swift; sourceTree = "<group>"; };
		F00000000000000000000003 /* FeedbackMail.swift */ = {isa = PBXFileReference; lastKnownFileType = sourcecode.swift; path = FeedbackMail.swift; sourceTree = "<group>"; };
		F00000000000000000000005 /* ShakeDetector.swift */ = {isa = PBXFileReference; lastKnownFileType = sourcecode.swift; path = ShakeDetector.swift; sourceTree = "<group>"; };
		F00000000000000000000007 /* SocialShare.swift */ = {isa = PBXFileReference; lastKnownFileType = sourcecode.swift; path = SocialShare.swift; sourceTree = "<group>"; };
/* End PBXFileReference section */

/* Begin PBXFrameworksBuildPhase section */
		A0000000000000000000000C /* Frameworks */ = {
			isa = PBXFrameworksBuildPhase;
			buildActionMask = 2147483647;
			files = (
				B00000000000000000000004 /* RevenueCat in Frameworks */,
			);
			runOnlyForDeploymentPostprocessing = 0;
		};
/* End PBXFrameworksBuildPhase section */

/* Begin PBXGroup section */
		A00000000000000000000006 = {
			isa = PBXGroup;
			children = (
				A00000000000000000000008 /* PoseLock */,
				A00000000000000000000009 /* PoseLockTests */,
				A00000000000000000000007 /* Products */,
			);
			sourceTree = "<group>";
		};
		A00000000000000000000007 /* Products */ = {
			isa = PBXGroup;
			children = (
				A00000000000000000000004 /* PoseLock.app */,
				A00000000000000000000005 /* PoseLockTests.xctest */,
			);
			name = Products;
			sourceTree = "<group>";
		};
		A00000000000000000000008 /* PoseLock */ = {
			isa = PBXGroup;
			children = (
				A00000000000000000000021 /* PoseLockApp.swift */,
				A0000000000000000000004F /* Assets.xcassets */,
				A00000000000000000000051 /* PrivacyInfo.xcprivacy */,
				A00000000000000000000055 /* PoseLock.entitlements */,
				A00000000000000000000056 /* Info.plist */,
				A00000000000000000000017 /* App */,
				A00000000000000000000018 /* Design */,
				A00000000000000000000019 /* Domain */,
				A0000000000000000000001A /* Data */,
				A0000000000000000000001B /* Camera */,
				A0000000000000000000001C /* Onboarding */,
				A0000000000000000000001D /* Home */,
				A0000000000000000000001E /* Journal */,
				A0000000000000000000001F /* Settings */,
				A00000000000000000000020 /* Store */,
			);
			path = PoseLock;
			sourceTree = "<group>";
		};
		A00000000000000000000009 /* PoseLockTests */ = {
			isa = PBXGroup;
			children = (
				A0000000000000000000004D /* ScoringEngineTests.swift */,
				A00000000000000000000069 /* StoreConfigurationTests.swift */,
				E52A00000000000000000001 /* PoseReferenceAssetsTests.swift */,
			);
			path = PoseLockTests;
			sourceTree = "<group>";
		};
		A00000000000000000000017 /* App */ = {
			isa = PBXGroup;
			children = (
				A00000000000000000000023 /* RootView.swift */,
				A00000000000000000000025 /* AppSession.swift */,
				E11A00000000000000000001 /* ScreenBank.swift */,
				C9A100000000000000000001 /* PoseLockAnalytics.swift */,
			);
			path = App;
			sourceTree = "<group>";
		};
		A00000000000000000000018 /* Design */ = {
			isa = PBXGroup;
			children = (
				A00000000000000000000027 /* Theme.swift */,
				B00000000000000000000020 /* ShareMark.swift */,
				D11A00000000000000000001 /* PoseReferenceImage.swift */,
			);
			path = Design;
			sourceTree = "<group>";
		};
		A00000000000000000000019 /* Domain */ = {
			isa = PBXGroup;
			children = (
				A00000000000000000000029 /* Pack.swift */,
				A0000000000000000000002B /* Pose.swift */,
				A0000000000000000000002D /* BodyFrame.swift */,
				A0000000000000000000002F /* PoseTemplate.swift */,
				A00000000000000000000031 /* ScoringEngine.swift */,
				A00000000000000000000033 /* DailyPoseSelector.swift */,
				C00000000000000000000003 /* CompetitionDeadline.swift */,
			);
			path = Domain;
			sourceTree = "<group>";
		};
		A0000000000000000000001A /* Data */ = {
			isa = PBXGroup;
			children = (
				A00000000000000000000035 /* Models.swift */,
				A00000000000000000000037 /* PhotoStore.swift */,
			);
			path = Data;
			sourceTree = "<group>";
		};
		A0000000000000000000001B /* Camera */ = {
			isa = PBXGroup;
			children = (
				A00000000000000000000039 /* CaptureSessionController.swift */,
				A0000000000000000000003B /* PoseDetector.swift */,
				A0000000000000000000003D /* CameraViewModel.swift */,
				A0000000000000000000003F /* CameraHUD.swift */,
				A00000000000000000000041 /* CameraSessionView.swift */,
				A00000000000000000000057 /* PoseCoachView.swift */,
			);
			path = Camera;
			sourceTree = "<group>";
		};
		A0000000000000000000001C /* Onboarding */ = {
			isa = PBXGroup;
			children = (
				A00000000000000000000043 /* OnboardingFlow.swift */,
				A00000000000000000000061 /* OnboardingSplashView.swift */,
				A00000000000000000000063 /* OnboardingPersonalizationView.swift */,
				A0000000000000000000005F /* OnboardingPaywallView.swift */,
				A00000000000000000000065 /* OnboardingAccountView.swift */,
			);
			path = Onboarding;
			sourceTree = "<group>";
		};
		A0000000000000000000001D /* Home */ = {
			isa = PBXGroup;
			children = (
				A00000000000000000000045 /* HomeView.swift */,
				C00000000000000000000001 /* ScoreTrendView.swift */,
			);
			path = Home;
			sourceTree = "<group>";
		};
		A0000000000000000000001E /* Journal */ = {
			isa = PBXGroup;
			children = (
				A00000000000000000000047 /* JournalView.swift */,
				A00000000000000000000059 /* PoseComparisonSkeleton.swift */,
				A0000000000000000000005B /* PoseRecapView.swift */,
				F00000000000000000000007 /* SocialShare.swift */,
			);
			path = Journal;
			sourceTree = "<group>";
		};
		A0000000000000000000001F /* Settings */ = {
			isa = PBXGroup;
			children = (
				A00000000000000000000049 /* SettingsView.swift */,
				F00000000000000000000001 /* FeedbackSheet.swift */,
				F00000000000000000000003 /* FeedbackMail.swift */,
				F00000000000000000000005 /* ShakeDetector.swift */,
			);
			path = Settings;
			sourceTree = "<group>";
		};
		A00000000000000000000020 /* Store */ = {
			isa = PBXGroup;
			children = (
				B00000000000000000000010 /* RevenueCatConfig.swift */,
				A0000000000000000000004B /* StoreManager.swift */,
				A0000000000000000000005D /* PaywallSheet.swift */,
				B00000000000000000000012 /* PaywallComponents.swift */,
				A00000000000000000000067 /* TrialReminder.swift */,
				C00000000000000000000005 /* CompetitionReminder.swift */,
				A00000000000000000000053 /* Products.storekit */,
			);
			path = Store;
			sourceTree = "<group>";
		};
/* End PBXGroup section */

/* Begin PBXNativeTarget section */
		A00000000000000000000002 /* PoseLock */ = {
			isa = PBXNativeTarget;
			buildConfigurationList = A0000000000000000000000F /* Build configuration list for PBXNativeTarget "PoseLock" */;
			buildPhases = (
				A0000000000000000000000A /* Sources */,
				A0000000000000000000000C /* Frameworks */,
				A0000000000000000000000B /* Resources */,
			);
			buildRules = (
			);
			dependencies = (
			);
			name = PoseLock;
			packageProductDependencies = (
				B00000000000000000000002 /* RevenueCat */,
			);
			productName = PoseLock;
			productReference = A00000000000000000000004 /* PoseLock.app */;
			productType = "com.apple.product-type.application";
		};
		A00000000000000000000003 /* PoseLockTests */ = {
			isa = PBXNativeTarget;
			buildConfigurationList = A00000000000000000000010 /* Build configuration list for PBXNativeTarget "PoseLockTests" */;
			buildPhases = (
				A0000000000000000000000D /* Sources */,
			);
			buildRules = (
			);
			dependencies = (
				D00000000000000000000002 /* PBXTargetDependency */,
			);
			name = PoseLockTests;
			productName = PoseLockTests;
			productReference = A00000000000000000000005 /* PoseLockTests.xctest */;
			productType = "com.apple.product-type.bundle.unit-test";
		};
/* End PBXNativeTarget section */

/* Begin PBXProject section */
		A00000000000000000000001 /* Project object */ = {
			isa = PBXProject;
			attributes = {
				BuildIndependentTargetsInParallel = 1;
				LastSwiftUpdateCheck = 1500;
				LastUpgradeCheck = 1500;
				TargetAttributes = {
					A00000000000000000000002 = {
						CreatedOnToolsVersion = 15.0;
					};
					A00000000000000000000003 = {
						CreatedOnToolsVersion = 15.0;
						TestTargetID = A00000000000000000000002;
					};
				};
			};
			buildConfigurationList = A0000000000000000000000E /* Build configuration list for PBXProject "PoseLock" */;
			compatibilityVersion = "Xcode 14.0";
			developmentRegion = fr;
			hasScannedForEncodings = 0;
			knownRegions = (
				en,
				fr,
				Base,
			);
			mainGroup = A00000000000000000000006;
			packageReferences = (
				B00000000000000000000001 /* XCRemoteSwiftPackageReference "purchases-ios" */,
			);
			productRefGroup = A00000000000000000000007 /* Products */;
			projectDirPath = "";
			projectRoot = "";
			targets = (
				A00000000000000000000002 /* PoseLock */,
				A00000000000000000000003 /* PoseLockTests */,
			);
		};
/* End PBXProject section */

/* Begin PBXResourcesBuildPhase section */
		A0000000000000000000000B /* Resources */ = {
			isa = PBXResourcesBuildPhase;
			buildActionMask = 2147483647;
			files = (
				A00000000000000000000050 /* Assets.xcassets in Resources */,
				A00000000000000000000052 /* PrivacyInfo.xcprivacy in Resources */,
				A00000000000000000000054 /* Products.storekit in Resources */,
			);
			runOnlyForDeploymentPostprocessing = 0;
		};
/* End PBXResourcesBuildPhase section */

/* Begin PBXSourcesBuildPhase section */
		A0000000000000000000000A /* Sources */ = {
			isa = PBXSourcesBuildPhase;
			buildActionMask = 2147483647;
			files = (
				A00000000000000000000022 /* PoseLockApp.swift in Sources */,
				A00000000000000000000024 /* RootView.swift in Sources */,
				A00000000000000000000026 /* AppSession.swift in Sources */,
				E11A00000000000000000002 /* ScreenBank.swift in Sources */,
				C9A100000000000000000002 /* PoseLockAnalytics.swift in Sources */,
				A00000000000000000000028 /* Theme.swift in Sources */,
				B00000000000000000000021 /* ShareMark.swift in Sources */,
				D11A00000000000000000002 /* PoseReferenceImage.swift in Sources */,
				A0000000000000000000002A /* Pack.swift in Sources */,
				A0000000000000000000002C /* Pose.swift in Sources */,
				A0000000000000000000002E /* BodyFrame.swift in Sources */,
				A00000000000000000000030 /* PoseTemplate.swift in Sources */,
				A00000000000000000000032 /* ScoringEngine.swift in Sources */,
				A00000000000000000000034 /* DailyPoseSelector.swift in Sources */,
				A00000000000000000000036 /* Models.swift in Sources */,
				A00000000000000000000038 /* PhotoStore.swift in Sources */,
				A0000000000000000000003A /* CaptureSessionController.swift in Sources */,
				A0000000000000000000003C /* PoseDetector.swift in Sources */,
				A0000000000000000000003E /* CameraViewModel.swift in Sources */,
				A00000000000000000000040 /* CameraHUD.swift in Sources */,
				A00000000000000000000042 /* CameraSessionView.swift in Sources */,
				A00000000000000000000044 /* OnboardingFlow.swift in Sources */,
				A00000000000000000000046 /* HomeView.swift in Sources */,
				A00000000000000000000048 /* JournalView.swift in Sources */,
				A0000000000000000000004A /* SettingsView.swift in Sources */,
				A0000000000000000000004C /* StoreManager.swift in Sources */,
				B00000000000000000000011 /* RevenueCatConfig.swift in Sources */,
				B00000000000000000000013 /* PaywallComponents.swift in Sources */,
				A00000000000000000000058 /* PoseCoachView.swift in Sources */,
				A0000000000000000000005A /* PoseComparisonSkeleton.swift in Sources */,
				A0000000000000000000005C /* PoseRecapView.swift in Sources */,
				A0000000000000000000005E /* PaywallSheet.swift in Sources */,
				A00000000000000000000060 /* OnboardingPaywallView.swift in Sources */,
				A00000000000000000000062 /* OnboardingSplashView.swift in Sources */,
				A00000000000000000000064 /* OnboardingPersonalizationView.swift in Sources */,
				A00000000000000000000066 /* OnboardingAccountView.swift in Sources */,
				A00000000000000000000068 /* TrialReminder.swift in Sources */,
				C00000000000000000000002 /* ScoreTrendView.swift in Sources */,
				C00000000000000000000004 /* CompetitionDeadline.swift in Sources */,
				C00000000000000000000006 /* CompetitionReminder.swift in Sources */,
				F00000000000000000000002 /* FeedbackSheet.swift in Sources */,
				F00000000000000000000004 /* FeedbackMail.swift in Sources */,
				F00000000000000000000006 /* ShakeDetector.swift in Sources */,
				F00000000000000000000008 /* SocialShare.swift in Sources */,
			);
			runOnlyForDeploymentPostprocessing = 0;
		};
		A0000000000000000000000D /* Sources */ = {
			isa = PBXSourcesBuildPhase;
			buildActionMask = 2147483647;
			files = (
				A0000000000000000000004E /* ScoringEngineTests.swift in Sources */,
				A0000000000000000000006A /* StoreConfigurationTests.swift in Sources */,
				E52A00000000000000000002 /* PoseReferenceAssetsTests.swift in Sources */,
			);
			runOnlyForDeploymentPostprocessing = 0;
		};
/* End PBXSourcesBuildPhase section */

/* Begin PBXTargetDependency section */
		D00000000000000000000002 /* PBXTargetDependency */ = {
			isa = PBXTargetDependency;
			target = A00000000000000000000002 /* PoseLock */;
			targetProxy = D00000000000000000000001 /* PBXContainerItemProxy */;
		};
/* End PBXTargetDependency section */

/* Begin XCBuildConfiguration section */
		A00000000000000000000011 /* Debug */ = {
			isa = XCBuildConfiguration;
			buildSettings = {
				ALWAYS_SEARCH_USER_PATHS = NO;
				CLANG_ANALYZER_NONNULL = YES;
				CLANG_CXX_LANGUAGE_STANDARD = "gnu++20";
				CLANG_ENABLE_MODULES = YES;
				CLANG_ENABLE_OBJC_ARC = YES;
				CLANG_WARN_BLOCK_CAPTURE_AUTORELEASING = YES;
				CLANG_WARN_BOOL_CONVERSION = YES;
				CLANG_WARN_COMMA = YES;
				CLANG_WARN_CONSTANT_CONVERSION = YES;
				CLANG_WARN_DEPRECATED_OBJC_IMPLEMENTATIONS = YES;
				CLANG_WARN_DIRECT_OBJC_ISA_USAGE = YES_ERROR;
				CLANG_WARN_DOCUMENTATION_COMMENTS = YES;
				CLANG_WARN_EMPTY_BODY = YES;
				CLANG_WARN_ENUM_CONVERSION = YES;
				CLANG_WARN_INFINITE_RECURSION = YES;
				CLANG_WARN_INT_CONVERSION = YES;
				CLANG_WARN_NON_LITERAL_NULL_CONVERSION = YES;
				CLANG_WARN_OBJC_IMPLICIT_RETAIN_SELF = YES;
				CLANG_WARN_OBJC_LITERAL_CONVERSION = YES;
				CLANG_WARN_OBJC_ROOT_CLASS = YES_ERROR;
				CLANG_WARN_QUOTED_INCLUDE_IN_FRAMEWORK_HEADER = YES;
				CLANG_WARN_RANGE_LOOP_ANALYSIS = YES;
				CLANG_WARN_STRICT_PROTOTYPES = YES;
				CLANG_WARN_SUSPICIOUS_MOVE = YES;
				CLANG_WARN_UNGUARDED_AVAILABILITY = YES_AGGRESSIVE;
				CLANG_WARN_UNREACHABLE_CODE = YES;
				CLANG_WARN__DUPLICATE_METHOD_MATCH = YES;
				COPY_PHASE_STRIP = NO;
				DEBUG_INFORMATION_FORMAT = dwarf;
				ENABLE_STRICT_OBJC_MSGSEND = YES;
				ENABLE_TESTABILITY = YES;
				GCC_C_LANGUAGE_STANDARD = gnu17;
				GCC_NO_COMMON_BLOCKS = YES;
				GCC_WARN_64_TO_32_BIT_CONVERSION = YES;
				GCC_WARN_ABOUT_RETURN_TYPE = YES_ERROR;
				GCC_WARN_UNDECLARED_SELECTOR = YES;
				GCC_WARN_UNINITIALIZED_AUTOS = YES_AGGRESSIVE;
				GCC_WARN_UNUSED_FUNCTION = YES;
				GCC_WARN_UNUSED_VARIABLE = YES;
				IPHONEOS_DEPLOYMENT_TARGET = 17.0;
				MTL_ENABLE_DEBUG_INFO = INCLUDE_SOURCE;
				ONLY_ACTIVE_ARCH = YES;
				SDKROOT = iphoneos;
				SWIFT_ACTIVE_COMPILATION_CONDITIONS = DEBUG;
				SWIFT_OPTIMIZATION_LEVEL = "-Onone";
				SWIFT_VERSION = 5.0;
			};
			name = Debug;
		};
		A00000000000000000000012 /* Release */ = {
			isa = XCBuildConfiguration;
			buildSettings = {
				ALWAYS_SEARCH_USER_PATHS = NO;
				CLANG_ANALYZER_NONNULL = YES;
				CLANG_CXX_LANGUAGE_STANDARD = "gnu++20";
				CLANG_ENABLE_MODULES = YES;
				CLANG_ENABLE_OBJC_ARC = YES;
				CLANG_WARN_BLOCK_CAPTURE_AUTORELEASING = YES;
				CLANG_WARN_BOOL_CONVERSION = YES;
				CLANG_WARN_COMMA = YES;
				CLANG_WARN_CONSTANT_CONVERSION = YES;
				CLANG_WARN_DEPRECATED_OBJC_IMPLEMENTATIONS = YES;
				CLANG_WARN_DIRECT_OBJC_ISA_USAGE = YES_ERROR;
				CLANG_WARN_DOCUMENTATION_COMMENTS = YES;
				CLANG_WARN_EMPTY_BODY = YES;
				CLANG_WARN_ENUM_CONVERSION = YES;
				CLANG_WARN_INFINITE_RECURSION = YES;
				CLANG_WARN_INT_CONVERSION = YES;
				CLANG_WARN_NON_LITERAL_NULL_CONVERSION = YES;
				CLANG_WARN_OBJC_IMPLICIT_RETAIN_SELF = YES;
				CLANG_WARN_OBJC_LITERAL_CONVERSION = YES;
				CLANG_WARN_OBJC_ROOT_CLASS = YES_ERROR;
				CLANG_WARN_QUOTED_INCLUDE_IN_FRAMEWORK_HEADER = YES;
				CLANG_WARN_RANGE_LOOP_ANALYSIS = YES;
				CLANG_WARN_STRICT_PROTOTYPES = YES;
				CLANG_WARN_SUSPICIOUS_MOVE = YES;
				CLANG_WARN_UNGUARDED_AVAILABILITY = YES_AGGRESSIVE;
				CLANG_WARN_UNREACHABLE_CODE = YES;
				CLANG_WARN__DUPLICATE_METHOD_MATCH = YES;
				COPY_PHASE_STRIP = NO;
				DEBUG_INFORMATION_FORMAT = "dwarf-with-dsym";
				ENABLE_NS_ASSERTIONS = NO;
				ENABLE_STRICT_OBJC_MSGSEND = YES;
				GCC_C_LANGUAGE_STANDARD = gnu17;
				GCC_NO_COMMON_BLOCKS = YES;
				GCC_WARN_64_TO_32_BIT_CONVERSION = YES;
				GCC_WARN_ABOUT_RETURN_TYPE = YES_ERROR;
				GCC_WARN_UNDECLARED_SELECTOR = YES;
				GCC_WARN_UNINITIALIZED_AUTOS = YES_AGGRESSIVE;
				GCC_WARN_UNUSED_FUNCTION = YES;
				GCC_WARN_UNUSED_VARIABLE = YES;
				IPHONEOS_DEPLOYMENT_TARGET = 17.0;
				MTL_ENABLE_DEBUG_INFO = NO;
				SDKROOT = iphoneos;
				SWIFT_COMPILATION_MODE = wholemodule;
				SWIFT_OPTIMIZATION_LEVEL = "-O";
				SWIFT_VERSION = 5.0;
			};
			name = Release;
		};
		A00000000000000000000013 /* Debug */ = {
			isa = XCBuildConfiguration;
			buildSettings = {
				ASSETCATALOG_COMPILER_APPICON_NAME = AppIcon;
				ASSETCATALOG_COMPILER_GLOBAL_ACCENT_COLOR_NAME = AccentColor;
				CODE_SIGN_ENTITLEMENTS = PoseLock/PoseLock.entitlements;
				CODE_SIGN_STYLE = Automatic;
				CURRENT_PROJECT_VERSION = 1;
				DEVELOPMENT_TEAM = 2G32TA8V2A;
				ENABLE_PREVIEWS = YES;
				GENERATE_INFOPLIST_FILE = YES;
				INFOPLIST_FILE = PoseLock/Info.plist;
				INFOPLIST_KEY_CFBundleDisplayName = PoseLock;
				INFOPLIST_KEY_LSApplicationCategoryType = "public.app-category.healthcare-fitness";
				INFOPLIST_KEY_NSCameraUsageDescription = "PoseLock utilise la camera pour noter ta pose sur l iPhone.";
				INFOPLIST_KEY_NSPhotoLibraryAddUsageDescription = "PoseLock peut enregistrer une copie des photos lockees dans l album Photos.";
				INFOPLIST_KEY_UIApplicationSceneManifest_Generation = YES;
				INFOPLIST_KEY_UIApplicationSupportsIndirectInputEvents = YES;
				INFOPLIST_KEY_UILaunchScreen_Generation = YES;
				INFOPLIST_KEY_UISupportedInterfaceOrientations = UIInterfaceOrientationPortrait;
				LD_RUNPATH_SEARCH_PATHS = (
					"$(inherited)",
					"@executable_path/Frameworks",
				);
				MARKETING_VERSION = 1.0;
				PRODUCT_BUNDLE_IDENTIFIER = com.spocsk.PoseLock;
				PRODUCT_NAME = "$(TARGET_NAME)";
				SUPPORTED_PLATFORMS = "iphoneos iphonesimulator";
				SUPPORTS_MACCATALYST = NO;
				SUPPORTS_MAC_DESIGNED_FOR_IPHONE_IPAD = NO;
				SWIFT_EMIT_LOC_STRINGS = YES;
				SWIFT_VERSION = 5.0;
				TARGETED_DEVICE_FAMILY = 1;
			};
			name = Debug;
		};
		A00000000000000000000014 /* Release */ = {
			isa = XCBuildConfiguration;
			buildSettings = {
				ASSETCATALOG_COMPILER_APPICON_NAME = AppIcon;
				ASSETCATALOG_COMPILER_GLOBAL_ACCENT_COLOR_NAME = AccentColor;
				CODE_SIGN_ENTITLEMENTS = PoseLock/PoseLock.entitlements;
				CODE_SIGN_STYLE = Automatic;
				CURRENT_PROJECT_VERSION = 1;
				DEVELOPMENT_TEAM = 2G32TA8V2A;
				ENABLE_PREVIEWS = YES;
				GENERATE_INFOPLIST_FILE = YES;
				INFOPLIST_FILE = PoseLock/Info.plist;
				INFOPLIST_KEY_CFBundleDisplayName = PoseLock;
				INFOPLIST_KEY_LSApplicationCategoryType = "public.app-category.healthcare-fitness";
				INFOPLIST_KEY_NSCameraUsageDescription = "PoseLock utilise la camera pour noter ta pose sur l iPhone.";
				INFOPLIST_KEY_NSPhotoLibraryAddUsageDescription = "PoseLock peut enregistrer une copie des photos lockees dans l album Photos.";
				INFOPLIST_KEY_UIApplicationSceneManifest_Generation = YES;
				INFOPLIST_KEY_UIApplicationSupportsIndirectInputEvents = YES;
				INFOPLIST_KEY_UILaunchScreen_Generation = YES;
				INFOPLIST_KEY_UISupportedInterfaceOrientations = UIInterfaceOrientationPortrait;
				LD_RUNPATH_SEARCH_PATHS = (
					"$(inherited)",
					"@executable_path/Frameworks",
				);
				MARKETING_VERSION = 1.0;
				PRODUCT_BUNDLE_IDENTIFIER = com.spocsk.PoseLock;
				PRODUCT_NAME = "$(TARGET_NAME)";
				SUPPORTED_PLATFORMS = "iphoneos iphonesimulator";
				SUPPORTS_MACCATALYST = NO;
				SUPPORTS_MAC_DESIGNED_FOR_IPHONE_IPAD = NO;
				SWIFT_EMIT_LOC_STRINGS = YES;
				SWIFT_VERSION = 5.0;
				TARGETED_DEVICE_FAMILY = 1;
			};
			name = Release;
		};
		A00000000000000000000015 /* Debug */ = {
			isa = XCBuildConfiguration;
			buildSettings = {
				BUNDLE_LOADER = "$(TEST_HOST)";
				CODE_SIGN_STYLE = Automatic;
				CURRENT_PROJECT_VERSION = 1;
				DEVELOPMENT_TEAM = 2G32TA8V2A;
				GENERATE_INFOPLIST_FILE = YES;
				IPHONEOS_DEPLOYMENT_TARGET = 17.0;
				MARKETING_VERSION = 1.0;
				PRODUCT_BUNDLE_IDENTIFIER = com.spocsk.PoseLockTests;
				PRODUCT_NAME = "$(TARGET_NAME)";
				SWIFT_VERSION = 5.0;
				TARGETED_DEVICE_FAMILY = 1;
				TEST_HOST = "$(BUILT_PRODUCTS_DIR)/PoseLock.app/$(BUNDLE_EXECUTABLE_FOLDER_PATH)/PoseLock";
			};
			name = Debug;
		};
		A00000000000000000000016 /* Release */ = {
			isa = XCBuildConfiguration;
			buildSettings = {
				BUNDLE_LOADER = "$(TEST_HOST)";
				CODE_SIGN_STYLE = Automatic;
				CURRENT_PROJECT_VERSION = 1;
				DEVELOPMENT_TEAM = 2G32TA8V2A;
				GENERATE_INFOPLIST_FILE = YES;
				IPHONEOS_DEPLOYMENT_TARGET = 17.0;
				MARKETING_VERSION = 1.0;
				PRODUCT_BUNDLE_IDENTIFIER = com.spocsk.PoseLockTests;
				PRODUCT_NAME = "$(TARGET_NAME)";
				SWIFT_VERSION = 5.0;
				TARGETED_DEVICE_FAMILY = 1;
				TEST_HOST = "$(BUILT_PRODUCTS_DIR)/PoseLock.app/$(BUNDLE_EXECUTABLE_FOLDER_PATH)/PoseLock";
			};
			name = Release;
		};
/* End XCBuildConfiguration section */

/* Begin XCConfigurationList section */
		A0000000000000000000000E /* Build configuration list for PBXProject "PoseLock" */ = {
			isa = XCConfigurationList;
			buildConfigurations = (
				A00000000000000000000011 /* Debug */,
				A00000000000000000000012 /* Release */,
			);
			defaultConfigurationIsVisible = 0;
			defaultConfigurationName = Release;
		};
		A0000000000000000000000F /* Build configuration list for PBXNativeTarget "PoseLock" */ = {
			isa = XCConfigurationList;
			buildConfigurations = (
				A00000000000000000000013 /* Debug */,
				A00000000000000000000014 /* Release */,
			);
			defaultConfigurationIsVisible = 0;
			defaultConfigurationName = Release;
		};
		A00000000000000000000010 /* Build configuration list for PBXNativeTarget "PoseLockTests" */ = {
			isa = XCConfigurationList;
			buildConfigurations = (
				A00000000000000000000015 /* Debug */,
				A00000000000000000000016 /* Release */,
			);
			defaultConfigurationIsVisible = 0;
			defaultConfigurationName = Release;
		};
/* End XCConfigurationList section */

/* Begin XCRemoteSwiftPackageReference section */
		B00000000000000000000001 /* XCRemoteSwiftPackageReference "purchases-ios" */ = {
			isa = XCRemoteSwiftPackageReference;
			repositoryURL = "https://github.com/RevenueCat/purchases-ios";
			requirement = {
				kind = upToNextMajorVersion;
				minimumVersion = 5.88.0;
			};
		};
/* End XCRemoteSwiftPackageReference section */

/* Begin XCSwiftPackageProductDependency section */
		B00000000000000000000002 /* RevenueCat */ = {
			isa = XCSwiftPackageProductDependency;
			package = B00000000000000000000001 /* XCRemoteSwiftPackageReference "purchases-ios" */;
			productName = RevenueCat;
		};
/* End XCSwiftPackageProductDependency section */
	};
	rootObject = A00000000000000000000001 /* Project object */;
}
